
Microsoft Visual Studio Solution File, Format Version 12.00
# Visual Studio 2013
VisualStudioVersion = 12.0.21005.1
MinimumVisualStudioVersion = 10.0.40219.1
Project("{8BC9CEB8-8B4A-11D0-8D11-00A0C91BC942}") = "STL_container_adaptor", "STL_container_adaptor\STL_container_adaptor.vcxproj", "{2B3B59FC-6C3A-4B28-B173-7BA61DB15972}"
EndProject
Global
	GlobalSection(SolutionConfigurationPlatforms) = preSolution
		Debug|Win32 = Debug|Win32
		Release|Win32 = Release|Win32
	EndGlobalSection
	GlobalSection(ProjectConfigurationPlatforms) = postSolution
		{2B3B59FC-6C3A-4B28-B173-7BA61DB15972}.Debug|Win32.ActiveCfg = Debug|Win32
		{2B3B59FC-6C3A-4B28-B173-7BA61DB15972}.Debug|Win32.Build.0 = Debug|Win32
		{2B3B59FC-6C3A-4B28-B173-7BA61DB15972}.Release|Win32.ActiveCfg = Release|Win32
		{2B3B59FC-6C3A-4B28-B173-7BA61DB15972}.Release|Win32.Build.0 = Release|Win32
	EndGlobalSection
	GlobalSection(SolutionProperties) = preSolution
		HideSolutionNode = FALSE
	EndGlobalSection
EndGlobal
